
Microsoft Visual Studio Solution File, Format Version 12.00
# Visual Studio 15
VisualStudioVersion = 15.0.27703.2018
MinimumVisualStudioVersion = 10.0.40219.1
Project("{FAE04EC0-301F-11D3-BF4B-00C04F79EFBC}") = "SinoTheWalker", "SinoTheWalker\SinoTheWalker.csproj", "{44B561CF-E6F7-4F34-812A-F9AE71156E30}"
EndProject
Project("{FAE04EC0-301F-11D3-BF4B-00C04F79EFBC}") = "SoftUniKaraoke", "SoftUniKaraoke\SoftUniKaraoke.csproj", "{BAAAD3CC-412D-40D2-92A2-35DDC9267580}"
EndProject
Project("{FAE04EC0-301F-11D3-BF4B-00C04F79EFBC}") = "EnduranceRally", "EnduranceRally\EnduranceRally.csproj", "{7745273D-510D-4093-95F5-AC3160094138}"
EndProject
Project("{FAE04EC0-301F-11D3-BF4B-00C04F79EFBC}") = "WinningTicket", "WinningTicket\WinningTicket.csproj", "{BBB2916B-7AB3-426B-B3D5-8FE7CAA47101}"
EndProject
Global
	GlobalSection(SolutionConfigurationPlatforms) = preSolution
		Debug|Any CPU = Debug|Any CPU
		Release|Any CPU = Release|Any CPU
	EndGlobalSection
	GlobalSection(ProjectConfigurationPlatforms) = postSolution
		{44B561CF-E6F7-4F34-812A-F9AE71156E30}.Debug|Any CPU.ActiveCfg = Debug|Any CPU
		{44B561CF-E6F7-4F34-812A-F9AE71156E30}.Debug|Any CPU.Build.0 = Debug|Any CPU
		{44B561CF-E6F7-4F34-812A-F9AE71156E30}.Release|Any CPU.ActiveCfg = Release|Any CPU
		{44B561CF-E6F7-4F34-812A-F9AE71156E30}.Release|Any CPU.Build.0 = Release|Any CPU
		{BAAAD3CC-412D-40D2-92A2-35DDC9267580}.Debug|Any CPU.ActiveCfg = Debug|Any CPU
		{BAAAD3CC-412D-40D2-92A2-35DDC9267580}.Debug|Any CPU.Build.0 = Debug|Any CPU
		{BAAAD3CC-412D-40D2-92A2-35DDC9267580}.Release|Any CPU.ActiveCfg = Release|Any CPU
		{BAAAD3CC-412D-40D2-92A2-35DDC9267580}.Release|Any CPU.Build.0 = Release|Any CPU
		{7745273D-510D-4093-95F5-AC3160094138}.Debug|Any CPU.ActiveCfg = Debug|Any CPU
		{7745273D-510D-4093-95F5-AC3160094138}.Debug|Any CPU.Build.0 = Debug|Any CPU
		{7745273D-510D-4093-95F5-AC3160094138}.Release|Any CPU.ActiveCfg = Release|Any CPU
		{7745273D-510D-4093-95F5-AC3160094138}.Release|Any CPU.Build.0 = Release|Any CPU
		{BBB2916B-7AB3-426B-B3D5-8FE7CAA47101}.Debug|Any CPU.ActiveCfg = Debug|Any CPU
		{BBB2916B-7AB3-426B-B3D5-8FE7CAA47101}.Debug|Any CPU.Build.0 = Debug|Any CPU
		{BBB2916B-7AB3-426B-B3D5-8FE7CAA47101}.Release|Any CPU.ActiveCfg = Release|Any CPU
		{BBB2916B-7AB3-426B-B3D5-8FE7CAA47101}.Release|Any CPU.Build.0 = Release|Any CPU
	EndGlobalSection
	GlobalSection(SolutionProperties) = preSolution
		HideSolutionNode = FALSE
	EndGlobalSection
	GlobalSection(ExtensibilityGlobals) = postSolution
		SolutionGuid = {6641F53E-B613-4D6E-9A6A-DE7B8A845E57}
	EndGlobalSection
EndGlobal
