
Microsoft Visual Studio Solution File, Format Version 12.00
# Visual Studio 15
VisualStudioVersion = 15.0.27703.2018
MinimumVisualStudioVersion = 10.0.40219.1
Project("{FAE04EC0-301F-11D3-BF4B-00C04F79EFBC}") = "Exercises", "Exercises\Exercises.csproj", "{16CBE067-70D0-4945-909C-3EC46EF727DB}"
EndProject
Project("{FAE04EC0-301F-11D3-BF4B-00C04F79EFBC}") = "OptimizedBankingSystem", "OptimizedBankingSystem\OptimizedBankingSystem.csproj", "{E984DC39-E271-45C0-8D57-27CE108DADB8}"
EndProject
Project("{FAE04EC0-301F-11D3-BF4B-00C04F79EFBC}") = "Animals", "Animals\Animals.csproj", "{A4A499A3-2F62-4780-AA71-D1469879FF78}"
EndProject
Project("{FAE04EC0-301F-11D3-BF4B-00C04F79EFBC}") = "Websites", "Websites\Websites.csproj", "{692E86AE-DAAA-40FF-99C4-26F4B9404F46}"
EndProject
Project("{FAE04EC0-301F-11D3-BF4B-00C04F79EFBC}") = "Boxes", "Boxes\Boxes.csproj", "{B76E9D52-15DC-4AF2-8A87-47407F106597}"
EndProject
Global
	GlobalSection(SolutionConfigurationPlatforms) = preSolution
		Debug|Any CPU = Debug|Any CPU
		Release|Any CPU = Release|Any CPU
	EndGlobalSection
	GlobalSection(ProjectConfigurationPlatforms) = postSolution
		{16CBE067-70D0-4945-909C-3EC46EF727DB}.Debug|Any CPU.ActiveCfg = Debug|Any CPU
		{16CBE067-70D0-4945-909C-3EC46EF727DB}.Debug|Any CPU.Build.0 = Debug|Any CPU
		{16CBE067-70D0-4945-909C-3EC46EF727DB}.Release|Any CPU.ActiveCfg = Release|Any CPU
		{16CBE067-70D0-4945-909C-3EC46EF727DB}.Release|Any CPU.Build.0 = Release|Any CPU
		{E984DC39-E271-45C0-8D57-27CE108DADB8}.Debug|Any CPU.ActiveCfg = Debug|Any CPU
		{E984DC39-E271-45C0-8D57-27CE108DADB8}.Debug|Any CPU.Build.0 = Debug|Any CPU
		{E984DC39-E271-45C0-8D57-27CE108DADB8}.Release|Any CPU.ActiveCfg = Release|Any CPU
		{E984DC39-E271-45C0-8D57-27CE108DADB8}.Release|Any CPU.Build.0 = Release|Any CPU
		{A4A499A3-2F62-4780-AA71-D1469879FF78}.Debug|Any CPU.ActiveCfg = Debug|Any CPU
		{A4A499A3-2F62-4780-AA71-D1469879FF78}.Debug|Any CPU.Build.0 = Debug|Any CPU
		{A4A499A3-2F62-4780-AA71-D1469879FF78}.Release|Any CPU.ActiveCfg = Release|Any CPU
		{A4A499A3-2F62-4780-AA71-D1469879FF78}.Release|Any CPU.Build.0 = Release|Any CPU
		{692E86AE-DAAA-40FF-99C4-26F4B9404F46}.Debug|Any CPU.ActiveCfg = Debug|Any CPU
		{692E86AE-DAAA-40FF-99C4-26F4B9404F46}.Debug|Any CPU.Build.0 = Debug|Any CPU
		{692E86AE-DAAA-40FF-99C4-26F4B9404F46}.Release|Any CPU.ActiveCfg = Release|Any CPU
		{692E86AE-DAAA-40FF-99C4-26F4B9404F46}.Release|Any CPU.Build.0 = Release|Any CPU
		{B76E9D52-15DC-4AF2-8A87-47407F106597}.Debug|Any CPU.ActiveCfg = Debug|Any CPU
		{B76E9D52-15DC-4AF2-8A87-47407F106597}.Debug|Any CPU.Build.0 = Debug|Any CPU
		{B76E9D52-15DC-4AF2-8A87-47407F106597}.Release|Any CPU.ActiveCfg = Release|Any CPU
		{B76E9D52-15DC-4AF2-8A87-47407F106597}.Release|Any CPU.Build.0 = Release|Any CPU
	EndGlobalSection
	GlobalSection(SolutionProperties) = preSolution
		HideSolutionNode = FALSE
	EndGlobalSection
	GlobalSection(ExtensibilityGlobals) = postSolution
		SolutionGuid = {B962F129-D883-4E44-9575-A608D84636C1}
	EndGlobalSection
EndGlobal
