
Microsoft Visual Studio Solution File, Format Version 12.00
# Visual Studio 15
VisualStudioVersion = 15.0.27703.2018
MinimumVisualStudioVersion = 10.0.40219.1
Project("{FAE04EC0-301F-11D3-BF4B-00C04F79EFBC}") = "SerializeString", "SerializeString\SerializeString.csproj", "{8167CEE3-31C8-46A4-84D1-74AC44E5148C}"
EndProject
Project("{FAE04EC0-301F-11D3-BF4B-00C04F79EFBC}") = "Stateless", "Stateless\Stateless.csproj", "{1C2977FA-7998-4955-BD53-FF97494A15AF}"
EndProject
Global
	GlobalSection(SolutionConfigurationPlatforms) = preSolution
		Debug|Any CPU = Debug|Any CPU
		Release|Any CPU = Release|Any CPU
	EndGlobalSection
	GlobalSection(ProjectConfigurationPlatforms) = postSolution
		{8167CEE3-31C8-46A4-84D1-74AC44E5148C}.Debug|Any CPU.ActiveCfg = Debug|Any CPU
		{8167CEE3-31C8-46A4-84D1-74AC44E5148C}.Debug|Any CPU.Build.0 = Debug|Any CPU
		{8167CEE3-31C8-46A4-84D1-74AC44E5148C}.Release|Any CPU.ActiveCfg = Release|Any CPU
		{8167CEE3-31C8-46A4-84D1-74AC44E5148C}.Release|Any CPU.Build.0 = Release|Any CPU
		{1C2977FA-7998-4955-BD53-FF97494A15AF}.Debug|Any CPU.ActiveCfg = Debug|Any CPU
		{1C2977FA-7998-4955-BD53-FF97494A15AF}.Debug|Any CPU.Build.0 = Debug|Any CPU
		{1C2977FA-7998-4955-BD53-FF97494A15AF}.Release|Any CPU.ActiveCfg = Release|Any CPU
		{1C2977FA-7998-4955-BD53-FF97494A15AF}.Release|Any CPU.Build.0 = Release|Any CPU
	EndGlobalSection
	GlobalSection(SolutionProperties) = preSolution
		HideSolutionNode = FALSE
	EndGlobalSection
	GlobalSection(ExtensibilityGlobals) = postSolution
		SolutionGuid = {9A3C1EEE-D8B4-4926-89DC-B728EEDF6565}
	EndGlobalSection
EndGlobal
