
Microsoft Visual Studio Solution File, Format Version 12.00
# Visual Studio 15
VisualStudioVersion = 15.0.27703.2018
MinimumVisualStudioVersion = 10.0.40219.1
Project("{FAE04EC0-301F-11D3-BF4B-00C04F79EFBC}") = "Placeholders", "Placeholders\Placeholders.csproj", "{7B9B2CA5-8613-4C4C-B1FB-53CFA617210F}"
EndProject
Project("{FAE04EC0-301F-11D3-BF4B-00C04F79EFBC}") = "JSONStringify", "JSONStringify\JSONStringify.csproj", "{8D28485B-8777-4884-BE7D-BDF062EEB72E}"
EndProject
Project("{FAE04EC0-301F-11D3-BF4B-00C04F79EFBC}") = "JSONParse", "JSONParse\JSONParse.csproj", "{32A492F1-DB41-489E-95EF-DB6F91D4BE46}"
EndProject
Global
	GlobalSection(SolutionConfigurationPlatforms) = preSolution
		Debug|Any CPU = Debug|Any CPU
		Release|Any CPU = Release|Any CPU
	EndGlobalSection
	GlobalSection(ProjectConfigurationPlatforms) = postSolution
		{7B9B2CA5-8613-4C4C-B1FB-53CFA617210F}.Debug|Any CPU.ActiveCfg = Debug|Any CPU
		{7B9B2CA5-8613-4C4C-B1FB-53CFA617210F}.Debug|Any CPU.Build.0 = Debug|Any CPU
		{7B9B2CA5-8613-4C4C-B1FB-53CFA617210F}.Release|Any CPU.ActiveCfg = Release|Any CPU
		{7B9B2CA5-8613-4C4C-B1FB-53CFA617210F}.Release|Any CPU.Build.0 = Release|Any CPU
		{8D28485B-8777-4884-BE7D-BDF062EEB72E}.Debug|Any CPU.ActiveCfg = Debug|Any CPU
		{8D28485B-8777-4884-BE7D-BDF062EEB72E}.Debug|Any CPU.Build.0 = Debug|Any CPU
		{8D28485B-8777-4884-BE7D-BDF062EEB72E}.Release|Any CPU.ActiveCfg = Release|Any CPU
		{8D28485B-8777-4884-BE7D-BDF062EEB72E}.Release|Any CPU.Build.0 = Release|Any CPU
		{32A492F1-DB41-489E-95EF-DB6F91D4BE46}.Debug|Any CPU.ActiveCfg = Debug|Any CPU
		{32A492F1-DB41-489E-95EF-DB6F91D4BE46}.Debug|Any CPU.Build.0 = Debug|Any CPU
		{32A492F1-DB41-489E-95EF-DB6F91D4BE46}.Release|Any CPU.ActiveCfg = Release|Any CPU
		{32A492F1-DB41-489E-95EF-DB6F91D4BE46}.Release|Any CPU.Build.0 = Release|Any CPU
	EndGlobalSection
	GlobalSection(SolutionProperties) = preSolution
		HideSolutionNode = FALSE
	EndGlobalSection
	GlobalSection(ExtensibilityGlobals) = postSolution
		SolutionGuid = {A8783773-996B-4DD5-B9AA-8D1B18DA028B}
	EndGlobalSection
EndGlobal
