
Microsoft Visual Studio Solution File, Format Version 12.00
# Visual Studio 15
VisualStudioVersion = 15.0.27703.2018
MinimumVisualStudioVersion = 10.0.40219.1
Project("{FAE04EC0-301F-11D3-BF4B-00C04F79EFBC}") = "Cards", "Cards\Cards.csproj", "{C43441A8-FE89-496F-B39A-E0630F448B6D}"
EndProject
Project("{FAE04EC0-301F-11D3-BF4B-00C04F79EFBC}") = "FishStatistics", "FishStatistics\FishStatistics.csproj", "{DD1DED4F-7B81-4360-A6F8-67F5EB877BA0}"
EndProject
Project("{FAE04EC0-301F-11D3-BF4B-00C04F79EFBC}") = "WordEncounter", "WordEncounter\WordEncounter.csproj", "{F77422BC-D3B3-4DE0-BEF3-F102C2546B94}"
EndProject
Project("{FAE04EC0-301F-11D3-BF4B-00C04F79EFBC}") = "HappinessIndex", "HappinessIndex\HappinessIndex.csproj", "{7FC972CB-DADA-46DD-85E2-ACA3C821810A}"
EndProject
Global
	GlobalSection(SolutionConfigurationPlatforms) = preSolution
		Debug|Any CPU = Debug|Any CPU
		Release|Any CPU = Release|Any CPU
	EndGlobalSection
	GlobalSection(ProjectConfigurationPlatforms) = postSolution
		{C43441A8-FE89-496F-B39A-E0630F448B6D}.Debug|Any CPU.ActiveCfg = Debug|Any CPU
		{C43441A8-FE89-496F-B39A-E0630F448B6D}.Debug|Any CPU.Build.0 = Debug|Any CPU
		{C43441A8-FE89-496F-B39A-E0630F448B6D}.Release|Any CPU.ActiveCfg = Release|Any CPU
		{C43441A8-FE89-496F-B39A-E0630F448B6D}.Release|Any CPU.Build.0 = Release|Any CPU
		{DD1DED4F-7B81-4360-A6F8-67F5EB877BA0}.Debug|Any CPU.ActiveCfg = Debug|Any CPU
		{DD1DED4F-7B81-4360-A6F8-67F5EB877BA0}.Debug|Any CPU.Build.0 = Debug|Any CPU
		{DD1DED4F-7B81-4360-A6F8-67F5EB877BA0}.Release|Any CPU.ActiveCfg = Release|Any CPU
		{DD1DED4F-7B81-4360-A6F8-67F5EB877BA0}.Release|Any CPU.Build.0 = Release|Any CPU
		{F77422BC-D3B3-4DE0-BEF3-F102C2546B94}.Debug|Any CPU.ActiveCfg = Debug|Any CPU
		{F77422BC-D3B3-4DE0-BEF3-F102C2546B94}.Debug|Any CPU.Build.0 = Debug|Any CPU
		{F77422BC-D3B3-4DE0-BEF3-F102C2546B94}.Release|Any CPU.ActiveCfg = Release|Any CPU
		{F77422BC-D3B3-4DE0-BEF3-F102C2546B94}.Release|Any CPU.Build.0 = Release|Any CPU
		{7FC972CB-DADA-46DD-85E2-ACA3C821810A}.Debug|Any CPU.ActiveCfg = Debug|Any CPU
		{7FC972CB-DADA-46DD-85E2-ACA3C821810A}.Debug|Any CPU.Build.0 = Debug|Any CPU
		{7FC972CB-DADA-46DD-85E2-ACA3C821810A}.Release|Any CPU.ActiveCfg = Release|Any CPU
		{7FC972CB-DADA-46DD-85E2-ACA3C821810A}.Release|Any CPU.Build.0 = Release|Any CPU
	EndGlobalSection
	GlobalSection(SolutionProperties) = preSolution
		HideSolutionNode = FALSE
	EndGlobalSection
	GlobalSection(ExtensibilityGlobals) = postSolution
		SolutionGuid = {041AC524-33AA-4997-846E-D0F339753EBC}
	EndGlobalSection
EndGlobal
