
Microsoft Visual Studio Solution File, Format Version 12.00
# Visual Studio 15
VisualStudioVersion = 15.0.27004.2010
MinimumVisualStudioVersion = 10.0.40219.1
Project("{FAE04EC0-301F-11D3-BF4B-00C04F79EFBC}") = "STACK UP", "PrintName\STACK UP.csproj", "{DE2E9386-254C-41DE-8BB1-D237DF36ACF3}"
EndProject
Project("{FAE04EC0-301F-11D3-BF4B-00C04F79EFBC}") = "StringRepeater", "StringRepeater\StringRepeater.csproj", "{5C173627-3464-43D2-B74F-BF3F9FA070C1}"
EndProject
Project("{FAE04EC0-301F-11D3-BF4B-00C04F79EFBC}") = "NthNumber", "NthNumber\NthNumber.csproj", "{FF9D9DC2-E22B-4B8B-A11E-2A3083CC56BA}"
EndProject
Project("{FAE04EC0-301F-11D3-BF4B-00C04F79EFBC}") = "IntegerToBase", "IntegerToBase\IntegerToBase.csproj", "{7AFB8282-4B39-447A-8595-054605C3591F}"
EndProject
Project("{FAE04EC0-301F-11D3-BF4B-00C04F79EFBC}") = "Notifications", "Notifications\Notifications.csproj", "{70838568-BF83-4AB1-ADBB-08005A4381B8}"
EndProject
Global
	GlobalSection(SolutionConfigurationPlatforms) = preSolution
		Debug|Any CPU = Debug|Any CPU
		Release|Any CPU = Release|Any CPU
	EndGlobalSection
	GlobalSection(ProjectConfigurationPlatforms) = postSolution
		{DE2E9386-254C-41DE-8BB1-D237DF36ACF3}.Debug|Any CPU.ActiveCfg = Debug|Any CPU
		{DE2E9386-254C-41DE-8BB1-D237DF36ACF3}.Debug|Any CPU.Build.0 = Debug|Any CPU
		{DE2E9386-254C-41DE-8BB1-D237DF36ACF3}.Release|Any CPU.ActiveCfg = Release|Any CPU
		{DE2E9386-254C-41DE-8BB1-D237DF36ACF3}.Release|Any CPU.Build.0 = Release|Any CPU
		{5C173627-3464-43D2-B74F-BF3F9FA070C1}.Debug|Any CPU.ActiveCfg = Debug|Any CPU
		{5C173627-3464-43D2-B74F-BF3F9FA070C1}.Debug|Any CPU.Build.0 = Debug|Any CPU
		{5C173627-3464-43D2-B74F-BF3F9FA070C1}.Release|Any CPU.ActiveCfg = Release|Any CPU
		{5C173627-3464-43D2-B74F-BF3F9FA070C1}.Release|Any CPU.Build.0 = Release|Any CPU
		{FF9D9DC2-E22B-4B8B-A11E-2A3083CC56BA}.Debug|Any CPU.ActiveCfg = Debug|Any CPU
		{FF9D9DC2-E22B-4B8B-A11E-2A3083CC56BA}.Debug|Any CPU.Build.0 = Debug|Any CPU
		{FF9D9DC2-E22B-4B8B-A11E-2A3083CC56BA}.Release|Any CPU.ActiveCfg = Release|Any CPU
		{FF9D9DC2-E22B-4B8B-A11E-2A3083CC56BA}.Release|Any CPU.Build.0 = Release|Any CPU
		{7AFB8282-4B39-447A-8595-054605C3591F}.Debug|Any CPU.ActiveCfg = Debug|Any CPU
		{7AFB8282-4B39-447A-8595-054605C3591F}.Debug|Any CPU.Build.0 = Debug|Any CPU
		{7AFB8282-4B39-447A-8595-054605C3591F}.Release|Any CPU.ActiveCfg = Release|Any CPU
		{7AFB8282-4B39-447A-8595-054605C3591F}.Release|Any CPU.Build.0 = Release|Any CPU
		{70838568-BF83-4AB1-ADBB-08005A4381B8}.Debug|Any CPU.ActiveCfg = Debug|Any CPU
		{70838568-BF83-4AB1-ADBB-08005A4381B8}.Debug|Any CPU.Build.0 = Debug|Any CPU
		{70838568-BF83-4AB1-ADBB-08005A4381B8}.Release|Any CPU.ActiveCfg = Release|Any CPU
		{70838568-BF83-4AB1-ADBB-08005A4381B8}.Release|Any CPU.Build.0 = Release|Any CPU
	EndGlobalSection
	GlobalSection(SolutionProperties) = preSolution
		HideSolutionNode = FALSE
	EndGlobalSection
	GlobalSection(ExtensibilityGlobals) = postSolution
		SolutionGuid = {750CA15A-F2BB-47DB-82DC-2D543394EAA3}
	EndGlobalSection
EndGlobal
