
Microsoft Visual Studio Solution File, Format Version 12.00
# Visual Studio 15
VisualStudioVersion = 15.0.27130.2036
MinimumVisualStudioVersion = 10.0.40219.1
Project("{FAE04EC0-301F-11D3-BF4B-00C04F79EFBC}") = "LetterRepetition", "LetterRepetition\LetterRepetition.csproj", "{D23A5C16-3DE4-4D64-BCF8-95190FD82CA9}"
EndProject
Project("{FAE04EC0-301F-11D3-BF4B-00C04F79EFBC}") = "Dict-Ref", "Dict-Ref\Dict-Ref.csproj", "{84C94E78-F08C-4C3C-923E-0BCEBED06D7C}"
EndProject
Project("{FAE04EC0-301F-11D3-BF4B-00C04F79EFBC}") = "MixedPhones", "MixedPhones\MixedPhones.csproj", "{B8E76844-F3DF-48FF-BACD-F7AD97DDF27C}"
EndProject
Project("{FAE04EC0-301F-11D3-BF4B-00C04F79EFBC}") = "ExamShopping", "ExamShopping\ExamShopping.csproj", "{DF449B60-1250-4086-93E9-6C440412FE3C}"
EndProject
Project("{FAE04EC0-301F-11D3-BF4B-00C04F79EFBC}") = "UserLogins", "UserLogins\UserLogins.csproj", "{418D20D6-50D0-4B20-99DA-EA9DB89C181D}"
EndProject
Project("{FAE04EC0-301F-11D3-BF4B-00C04F79EFBC}") = "FilterBase", "FilterBase\FilterBase.csproj", "{90F2A925-DECE-40A0-A70A-FACD51C543F6}"
EndProject
Global
	GlobalSection(SolutionConfigurationPlatforms) = preSolution
		Debug|Any CPU = Debug|Any CPU
		Release|Any CPU = Release|Any CPU
	EndGlobalSection
	GlobalSection(ProjectConfigurationPlatforms) = postSolution
		{D23A5C16-3DE4-4D64-BCF8-95190FD82CA9}.Debug|Any CPU.ActiveCfg = Debug|Any CPU
		{D23A5C16-3DE4-4D64-BCF8-95190FD82CA9}.Debug|Any CPU.Build.0 = Debug|Any CPU
		{D23A5C16-3DE4-4D64-BCF8-95190FD82CA9}.Release|Any CPU.ActiveCfg = Release|Any CPU
		{D23A5C16-3DE4-4D64-BCF8-95190FD82CA9}.Release|Any CPU.Build.0 = Release|Any CPU
		{84C94E78-F08C-4C3C-923E-0BCEBED06D7C}.Debug|Any CPU.ActiveCfg = Debug|Any CPU
		{84C94E78-F08C-4C3C-923E-0BCEBED06D7C}.Debug|Any CPU.Build.0 = Debug|Any CPU
		{84C94E78-F08C-4C3C-923E-0BCEBED06D7C}.Release|Any CPU.ActiveCfg = Release|Any CPU
		{84C94E78-F08C-4C3C-923E-0BCEBED06D7C}.Release|Any CPU.Build.0 = Release|Any CPU
		{B8E76844-F3DF-48FF-BACD-F7AD97DDF27C}.Debug|Any CPU.ActiveCfg = Debug|Any CPU
		{B8E76844-F3DF-48FF-BACD-F7AD97DDF27C}.Debug|Any CPU.Build.0 = Debug|Any CPU
		{B8E76844-F3DF-48FF-BACD-F7AD97DDF27C}.Release|Any CPU.ActiveCfg = Release|Any CPU
		{B8E76844-F3DF-48FF-BACD-F7AD97DDF27C}.Release|Any CPU.Build.0 = Release|Any CPU
		{DF449B60-1250-4086-93E9-6C440412FE3C}.Debug|Any CPU.ActiveCfg = Debug|Any CPU
		{DF449B60-1250-4086-93E9-6C440412FE3C}.Debug|Any CPU.Build.0 = Debug|Any CPU
		{DF449B60-1250-4086-93E9-6C440412FE3C}.Release|Any CPU.ActiveCfg = Release|Any CPU
		{DF449B60-1250-4086-93E9-6C440412FE3C}.Release|Any CPU.Build.0 = Release|Any CPU
		{418D20D6-50D0-4B20-99DA-EA9DB89C181D}.Debug|Any CPU.ActiveCfg = Debug|Any CPU
		{418D20D6-50D0-4B20-99DA-EA9DB89C181D}.Debug|Any CPU.Build.0 = Debug|Any CPU
		{418D20D6-50D0-4B20-99DA-EA9DB89C181D}.Release|Any CPU.ActiveCfg = Release|Any CPU
		{418D20D6-50D0-4B20-99DA-EA9DB89C181D}.Release|Any CPU.Build.0 = Release|Any CPU
		{90F2A925-DECE-40A0-A70A-FACD51C543F6}.Debug|Any CPU.ActiveCfg = Debug|Any CPU
		{90F2A925-DECE-40A0-A70A-FACD51C543F6}.Debug|Any CPU.Build.0 = Debug|Any CPU
		{90F2A925-DECE-40A0-A70A-FACD51C543F6}.Release|Any CPU.ActiveCfg = Release|Any CPU
		{90F2A925-DECE-40A0-A70A-FACD51C543F6}.Release|Any CPU.Build.0 = Release|Any CPU
	EndGlobalSection
	GlobalSection(SolutionProperties) = preSolution
		HideSolutionNode = FALSE
	EndGlobalSection
	GlobalSection(ExtensibilityGlobals) = postSolution
		SolutionGuid = {031A28DB-E650-4D23-9821-1DAFFEFF933F}
	EndGlobalSection
EndGlobal
